// !$*UTF8*$!
{
	archiveVersion = 1;
	classes = {
	};
	objectVersion = 46;
	objects = {

/* Begin PBXBuildFile section */
		1BBA14821C607589002AC1F7 /* AppDelegate.swift in Sources */ = {isa = PBXBuildFile; fileRef = 1BBA14811C607589002AC1F7 /* AppDelegate.swift */; };
		1BBA14841C607589002AC1F7 /* ViewController.swift in Sources */ = {isa = PBXBuildFile; fileRef = 1BBA14831C607589002AC1F7 /* ViewController.swift */; };
		1BBA14871C607589002AC1F7 /* Main.storyboard in Resources */ = {isa = PBXBuildFile; fileRef = 1BBA14851C607589002AC1F7 /* Main.storyboard */; };
		1BBA14891C607589002AC1F7 /* Assets.xcassets in Resources */ = {isa = PBXBuildFile; fileRef = 1BBA14881C607589002AC1F7 /* Assets.xcassets */; };
		1BBA148C1C607589002AC1F7 /* LaunchScreen.storyboard in Resources */ = {isa = PBXBuildFile; fileRef = 1BBA148A1C607589002AC1F7 /* LaunchScreen.storyboard */; };
		1BBA14971C607589002AC1F7 /* sampleSwipeGestureTests.swift in Sources */ = {isa = PBXBuildFile; fileRef = 1BBA14961C607589002AC1F7 /* sampleSwipeGestureTests.swift */; };
		1BBA14A21C607589002AC1F7 /* sampleSwipeGestureUITests.swift in Sources */ = {isa = PBXBuildFile; fileRef = 1BBA14A11C607589002AC1F7 /* sampleSwipeGestureUITests.swift */; };
/* End PBXBuildFile section */

/* Begin PBXContainerItemProxy section */
		1BBA14931C607589002AC1F7 /* PBXContainerItemProxy */ = {
			isa = PBXContainerItemProxy;
			containerPortal = 1BBA14761C607589002AC1F7 /* Project object */;
			proxyType = 1;
			remoteGlobalIDString = 1BBA147D1C607589002AC1F7;
			remoteInfo = sampleSwipeGesture;
		};
		1BBA149E1C607589002AC1F7 /* PBXContainerItemProxy */ = {
			isa = PBXContainerItemProxy;
			containerPortal = 1BBA14761C607589002AC1F7 /* Project object */;
			proxyType = 1;
			remoteGlobalIDString = 1BBA147D1C607589002AC1F7;
			remoteInfo = sampleSwipeGesture;
		};
/* End PBXContainerItemProxy section */

/* Begin PBXFileReference section */
		1BBA147E1C607589002AC1F7 /* sampleSwipeGesture.app */ = {isa = PBXFileReference; explicitFileType = wrapper.application; includeInIndex = 0; path = sampleSwipeGesture.app; sourceTree = BUILT_PRODUCTS_DIR; };
		1BBA14811C607589002AC1F7 /* AppDelegate.swift */ = {isa = PBXFileReference; lastKnownFileType = sourcecode.swift; path = AppDelegate.swift; sourceTree = "<group>"; };
		1BBA14831C607589002AC1F7 /* ViewController.swift */ = {isa = PBXFileReference; lastKnownFileType = sourcecode.swift; path = ViewController.swift; sourceTree = "<group>"; };
		1BBA14861C607589002AC1F7 /* Base */ = {isa = PBXFileReference; lastKnownFileType = file.storyboard; name = Base; path = Base.lproj/Main.storyboard; sourceTree = "<group>"; };
		1BBA14881C607589002AC1F7 /* Assets.xcassets */ = {isa = PBXFileReference; lastKnownFileType = folder.assetcatalog; path = Assets.xcassets; sourceTree = "<group>"; };
		1BBA148B1C607589002AC1F7 /* Base */ = {isa = PBXFileReference; lastKnownFileType = file.storyboard; name = Base; path = Base.lproj/LaunchScreen.storyboard; sourceTree = "<group>"; };
		1BBA148D1C607589002AC1F7 /* Info.plist */ = {isa = PBXFileReference; lastKnownFileType = text.plist.xml; path = Info.plist; sourceTree = "<group>"; };
		1BBA14921C607589002AC1F7 /* sampleSwipeGestureTests.xctest */ = {isa = PBXFileReference; explicitFileType = wrapper.cfbundle; includeInIndex = 0; path = sampleSwipeGestureTests.xctest; sourceTree = BUILT_PRODUCTS_DIR; };
		1BBA14961C607589002AC1F7 /* sampleSwipeGestureTests.swift */ = {isa = PBXFileReference; lastKnownFileType = sourcecode.swift; path = sampleSwipeGestureTests.swift; sourceTree = "<group>"; };
		1BBA14981C607589002AC1F7 /* Info.plist */ = {isa = PBXFileReference; lastKnownFileType = text.plist.xml; path = Info.plist; sourceTree = "<group>"; };
		1BBA149D1C607589002AC1F7 /* sampleSwipeGestureUITests.xctest */ = {isa = PBXFileReference; explicitFileType = wrapper.cfbundle; includeInIndex = 0; path = sampleSwipeGestureUITests.xctest; sourceTree = BUILT_PRODUCTS_DIR; };
		1BBA14A11C607589002AC1F7 /* sampleSwipeGestureUITests.swift */ = {isa = PBXFileReference; lastKnownFileType = sourcecode.swift; path = sampleSwipeGestureUITests.swift; sourceTree = "<group>"; };
		1BBA14A31C607589002AC1F7 /* Info.plist */ = {isa = PBXFileReference; lastKnownFileType = text.plist.xml; path = Info.plist; sourceTree = "<group>"; };
/* End PBXFileReference section */

/* Begin PBXFrameworksBuildPhase section */
		1BBA147B1C607589002AC1F7 /* Frameworks */ = {
			isa = PBXFrameworksBuildPhase;
			buildActionMask = 2147483647;
			files = (
			);
			runOnlyForDeploymentPostprocessing = 0;
		};
		1BBA148F1C607589002AC1F7 /* Frameworks */ = {
			isa = PBXFrameworksBuildPhase;
			buildActionMask = 2147483647;
			files = (
			);
			runOnlyForDeploymentPostprocessing = 0;
		};
		1BBA149A1C607589002AC1F7 /* Frameworks */ = {
			isa = PBXFrameworksBuildPhase;
			buildActionMask = 2147483647;
			files = (
			);
			runOnlyForDeploymentPostprocessing = 0;
		};
/* End PBXFrameworksBuildPhase section */

/* Begin PBXGroup section */
		1BBA14751C607589002AC1F7 = {
			isa = PBXGroup;
			children = (
				1BBA14801C607589002AC1F7 /* sampleSwipeGesture */,
				1BBA14951C607589002AC1F7 /* sampleSwipeGestureTests */,
				1BBA14A01C607589002AC1F7 /* sampleSwipeGestureUITests */,
				1BBA147F1C607589002AC1F7 /* Products */,
			);
			sourceTree = "<group>";
		};
		1BBA147F1C607589002AC1F7 /* Products */ = {
			isa = PBXGroup;
			children = (
				1BBA147E1C607589002AC1F7 /* sampleSwipeGesture.app */,
				1BBA14921C607589002AC1F7 /* sampleSwipeGestureTests.xctest */,
				1BBA149D1C607589002AC1F7 /* sampleSwipeGestureUITests.xctest */,
			);
			name = Products;
			sourceTree = "<group>";
		};
		1BBA14801C607589002AC1F7 /* sampleSwipeGesture */ = {
			isa = PBXGroup;
			children = (
				1BBA14811C607589002AC1F7 /* AppDelegate.swift */,
				1BBA14831C607589002AC1F7 /* ViewController.swift */,
				1BBA14851C607589002AC1F7 /* Main.storyboard */,
				1BBA14881C607589002AC1F7 /* Assets.xcassets */,
				1BBA148A1C607589002AC1F7 /* LaunchScreen.storyboard */,
				1BBA148D1C607589002AC1F7 /* Info.plist */,
			);
			path = sampleSwipeGesture;
			sourceTree = "<group>";
		};
		1BBA14951C607589002AC1F7 /* sampleSwipeGestureTests */ = {
			isa = PBXGroup;
			children = (
				1BBA14961C607589002AC1F7 /* sampleSwipeGestureTests.swift */,
				1BBA14981C607589002AC1F7 /* Info.plist */,
			);
			path = sampleSwipeGestureTests;
			sourceTree = "<group>";
		};
		1BBA14A01C607589002AC1F7 /* sampleSwipeGestureUITests */ = {
			isa = PBXGroup;
			children = (
				1BBA14A11C607589002AC1F7 /* sampleSwipeGestureUITests.swift */,
				1BBA14A31C607589002AC1F7 /* Info.plist */,
			);
			path = sampleSwipeGestureUITests;
			sourceTree = "<group>";
		};
/* End PBXGroup section */

/* Begin PBXNativeTarget section */
		1BBA147D1C607589002AC1F7 /* sampleSwipeGesture */ = {
			isa = PBXNativeTarget;
			buildConfigurationList = 1BBA14A61C607589002AC1F7 /* Build configuration list for PBXNativeTarget "sampleSwipeGesture" */;
			buildPhases = (
				1BBA147A1C607589002AC1F7 /* Sources */,
				1BBA147B1C607589002AC1F7 /* Frameworks */,
				1BBA147C1C607589002AC1F7 /* Resources */,
			);
			buildRules = (
			);
			dependencies = (
			);
			name = sampleSwipeGesture;
			productName = sampleSwipeGesture;
			productReference = 1BBA147E1C607589002AC1F7 /* sampleSwipeGesture.app */;
			productType = "com.apple.product-type.application";
		};
		1BBA14911C607589002AC1F7 /* sampleSwipeGestureTests */ = {
			isa = PBXNativeTarget;
			buildConfigurationList = 1BBA14A91C607589002AC1F7 /* Build configuration list for PBXNativeTarget "sampleSwipeGestureTests" */;
			buildPhases = (
				1BBA148E1C607589002AC1F7 /* Sources */,
				1BBA148F1C607589002AC1F7 /* Frameworks */,
				1BBA14901C607589002AC1F7 /* Resources */,
			);
			buildRules = (
			);
			dependencies = (
				1BBA14941C607589002AC1F7 /* PBXTargetDependency */,
			);
			name = sampleSwipeGestureTests;
			productName = sampleSwipeGestureTests;
			productReference = 1BBA14921C607589002AC1F7 /* sampleSwipeGestureTests.xctest */;
			productType = "com.apple.product-type.bundle.unit-test";
		};
		1BBA149C1C607589002AC1F7 /* sampleSwipeGestureUITests */ = {
			isa = PBXNativeTarget;
			buildConfigurationList = 1BBA14AC1C607589002AC1F7 /* Build configuration list for PBXNativeTarget "sampleSwipeGestureUITests" */;
			buildPhases = (
				1BBA14991C607589002AC1F7 /* Sources */,
				1BBA149A1C607589002AC1F7 /* Frameworks */,
				1BBA149B1C607589002AC1F7 /* Resources */,
			);
			buildRules = (
			);
			dependencies = (
				1BBA149F1C607589002AC1F7 /* PBXTargetDependency */,
			);
			name = sampleSwipeGestureUITests;
			productName = sampleSwipeGestureUITests;
			productReference = 1BBA149D1C607589002AC1F7 /* sampleSwipeGestureUITests.xctest */;
			productType = "com.apple.product-type.bundle.ui-testing";
		};
/* End PBXNativeTarget section */

/* Begin PBXProject section */
		1BBA14761C607589002AC1F7 /* Project object */ = {
			isa = PBXProject;
			attributes = {
				LastSwiftUpdateCheck = 0720;
				LastUpgradeCheck = 0720;
				ORGANIZATIONNAME = "Eriko Ichinohe";
				TargetAttributes = {
					1BBA147D1C607589002AC1F7 = {
						CreatedOnToolsVersion = 7.2;
						LastSwiftMigration = 0800;
					};
					1BBA14911C607589002AC1F7 = {
						CreatedOnToolsVersion = 7.2;
						LastSwiftMigration = 0800;
						TestTargetID = 1BBA147D1C607589002AC1F7;
					};
					1BBA149C1C607589002AC1F7 = {
						CreatedOnToolsVersion = 7.2;
						LastSwiftMigration = 0800;
						TestTargetID = 1BBA147D1C607589002AC1F7;
					};
				};
			};
			buildConfigurationList = 1BBA14791C607589002AC1F7 /* Build configuration list for PBXProject "sampleSwipeGesture" */;
			compatibilityVersion = "Xcode 3.2";
			developmentRegion = English;
			hasScannedForEncodings = 0;
			knownRegions = (
				en,
				Base,
			);
			mainGroup = 1BBA14751C607589002AC1F7;
			productRefGroup = 1BBA147F1C607589002AC1F7 /* Products */;
			projectDirPath = "";
			projectRoot = "";
			targets = (
				1BBA147D1C607589002AC1F7 /* sampleSwipeGesture */,
				1BBA14911C607589002AC1F7 /* sampleSwipeGestureTests */,
				1BBA149C1C607589002AC1F7 /* sampleSwipeGestureUITests */,
			);
		};
/* End PBXProject section */

/* Begin PBXResourcesBuildPhase section */
		1BBA147C1C607589002AC1F7 /* Resources */ = {
			isa = PBXResourcesBuildPhase;
			buildActionMask = 2147483647;
			files = (
				1BBA148C1C607589002AC1F7 /* LaunchScreen.storyboard in Resources */,
				1BBA14891C607589002AC1F7 /* Assets.xcassets in Resources */,
				1BBA14871C607589002AC1F7 /* Main.storyboard in Resources */,
			);
			runOnlyForDeploymentPostprocessing = 0;
		};
		1BBA14901C607589002AC1F7 /* Resources */ = {
			isa = PBXResourcesBuildPhase;
			buildActionMask = 2147483647;
			files = (
			);
			runOnlyForDeploymentPostprocessing = 0;
		};
		1BBA149B1C607589002AC1F7 /* Resources */ = {
			isa = PBXResourcesBuildPhase;
			buildActionMask = 2147483647;
			files = (
			);
			runOnlyForDeploymentPostprocessing = 0;
		};
/* End PBXResourcesBuildPhase section */

/* Begin PBXSourcesBuildPhase section */
		1BBA147A1C607589002AC1F7 /* Sources */ = {
			isa = PBXSourcesBuildPhase;
			buildActionMask = 2147483647;
			files = (
				1BBA14841C607589002AC1F7 /* ViewController.swift in Sources */,
				1BBA14821C607589002AC1F7 /* AppDelegate.swift in Sources */,
			);
			runOnlyForDeploymentPostprocessing = 0;
		};
		1BBA148E1C607589002AC1F7 /* Sources */ = {
			isa = PBXSourcesBuildPhase;
			buildActionMask = 2147483647;
			files = (
				1BBA14971C607589002AC1F7 /* sampleSwipeGestureTests.swift in Sources */,
			);
			runOnlyForDeploymentPostprocessing = 0;
		};
		1BBA14991C607589002AC1F7 /* Sources */ = {
			isa = PBXSourcesBuildPhase;
			buildActionMask = 2147483647;
			files = (
				1BBA14A21C607589002AC1F7 /* sampleSwipeGestureUITests.swift in Sources */,
			);
			runOnlyForDeploymentPostprocessing = 0;
		};
/* End PBXSourcesBuildPhase section */

/* Begin PBXTargetDependency section */
		1BBA14941C607589002AC1F7 /* PBXTargetDependency */ = {
			isa = PBXTargetDependency;
			target = 1BBA147D1C607589002AC1F7 /* sampleSwipeGesture */;
			targetProxy = 1BBA14931C607589002AC1F7 /* PBXContainerItemProxy */;
		};
		1BBA149F1C607589002AC1F7 /* PBXTargetDependency */ = {
			isa = PBXTargetDependency;
			target = 1BBA147D1C607589002AC1F7 /* sampleSwipeGesture */;
			targetProxy = 1BBA149E1C607589002AC1F7 /* PBXContainerItemProxy */;
		};
/* End PBXTargetDependency section */

/* Begin PBXVariantGroup section */
		1BBA14851C607589002AC1F7 /* Main.storyboard */ = {
			isa = PBXVariantGroup;
			children = (
				1BBA14861C607589002AC1F7 /* Base */,
			);
			name = Main.storyboard;
			sourceTree = "<group>";
		};
		1BBA148A1C607589002AC1F7 /* LaunchScreen.storyboard */ = {
			isa = PBXVariantGroup;
			children = (
				1BBA148B1C607589002AC1F7 /* Base */,
			);
			name = LaunchScreen.storyboard;
			sourceTree = "<group>";
		};
/* End PBXVariantGroup section */

/* Begin XCBuildConfiguration section */
		1BBA14A41C607589002AC1F7 /* Debug */ = {
			isa = XCBuildConfiguration;
			buildSettings = {
				ALWAYS_SEARCH_USER_PATHS = NO;
				CLANG_CXX_LANGUAGE_STANDARD = "gnu++0x";
				CLANG_CXX_LIBRARY = "libc++";
				CLANG_ENABLE_MODULES = YES;
				CLANG_ENABLE_OBJC_ARC = YES;
				CLANG_WARN_BOOL_CONVERSION = YES;
				CLANG_WARN_CONSTANT_CONVERSION = YES;
				CLANG_WARN_DIRECT_OBJC_ISA_USAGE = YES_ERROR;
				CLANG_WARN_EMPTY_BODY = YES;
				CLANG_WARN_ENUM_CONVERSION = YES;
				CLANG_WARN_INT_CONVERSION = YES;
				CLANG_WARN_OBJC_ROOT_CLASS = YES_ERROR;
				CLANG_WARN_UNREACHABLE_CODE = YES;
				CLANG_WARN__DUPLICATE_METHOD_MATCH = YES;
				"CODE_SIGN_IDENTITY[sdk=iphoneos*]" = "iPhone Developer";
				COPY_PHASE_STRIP = NO;
				DEBUG_INFORMATION_FORMAT = dwarf;
				ENABLE_STRICT_OBJC_MSGSEND = YES;
				ENABLE_TESTABILITY = YES;
				GCC_C_LANGUAGE_STANDARD = gnu99;
				GCC_DYNAMIC_NO_PIC = NO;
				GCC_NO_COMMON_BLOCKS = YES;
				GCC_OPTIMIZATION_LEVEL = 0;
				GCC_PREPROCESSOR_DEFINITIONS = (
					"DEBUG=1",
					"$(inherited)",
				);
				GCC_WARN_64_TO_32_BIT_CONVERSION = YES;
				GCC_WARN_ABOUT_RETURN_TYPE = YES_ERROR;
				GCC_WARN_UNDECLARED_SELECTOR = YES;
				GCC_WARN_UNINITIALIZED_AUTOS = YES_AGGRESSIVE;
				GCC_WARN_UNUSED_FUNCTION = YES;
				GCC_WARN_UNUSED_VARIABLE = YES;
				IPHONEOS_DEPLOYMENT_TARGET = 9.2;
				MTL_ENABLE_DEBUG_INFO = YES;
				ONLY_ACTIVE_ARCH = YES;
				SDKROOT = iphoneos;
				SWIFT_OPTIMIZATION_LEVEL = "-Onone";
			};
			name = Debug;
		};
		1BBA14A51C607589002AC1F7 /* Release */ = {
			isa = XCBuildConfiguration;
			buildSettings = {
				ALWAYS_SEARCH_USER_PATHS = NO;
				CLANG_CXX_LANGUAGE_STANDARD = "gnu++0x";
				CLANG_CXX_LIBRARY = "libc++";
				CLANG_ENABLE_MODULES = YES;
				CLANG_ENABLE_OBJC_ARC = YES;
				CLANG_WARN_BOOL_CONVERSION = YES;
				CLANG_WARN_CONSTANT_CONVERSION = YES;
				CLANG_WARN_DIRECT_OBJC_ISA_USAGE = YES_ERROR;
				CLANG_WARN_EMPTY_BODY = YES;
				CLANG_WARN_ENUM_CONVERSION = YES;
				CLANG_WARN_INT_CONVERSION = YES;
				CLANG_WARN_OBJC_ROOT_CLASS = YES_ERROR;
				CLANG_WARN_UNREACHABLE_CODE = YES;
				CLANG_WARN__DUPLICATE_METHOD_MATCH = YES;
				"CODE_SIGN_IDENTITY[sdk=iphoneos*]" = "iPhone Developer";
				COPY_PHASE_STRIP = NO;
				DEBUG_INFORMATION_FORMAT = "dwarf-with-dsym";
				ENABLE_NS_ASSERTIONS = NO;
				ENABLE_STRICT_OBJC_MSGSEND = YES;
				GCC_C_LANGUAGE_STANDARD = gnu99;
				GCC_NO_COMMON_BLOCKS = YES;
				GCC_WARN_64_TO_32_BIT_CONVERSION = YES;
				GCC_WARN_ABOUT_RETURN_TYPE = YES_ERROR;
				GCC_WARN_UNDECLARED_SELECTOR = YES;
				GCC_WARN_UNINITIALIZED_AUTOS = YES_AGGRESSIVE;
				GCC_WARN_UNUSED_FUNCTION = YES;
				GCC_WARN_UNUSED_VARIABLE = YES;
				IPHONEOS_DEPLOYMENT_TARGET = 9.2;
				MTL_ENABLE_DEBUG_INFO = NO;
				SDKROOT = iphoneos;
				VALIDATE_PRODUCT = YES;
			};
			name = Release;
		};
		1BBA14A71C607589002AC1F7 /* Debug */ = {
			isa = XCBuildConfiguration;
			buildSettings = {
				ASSETCATALOG_COMPILER_APPICON_NAME = AppIcon;
				INFOPLIST_FILE = sampleSwipeGesture/Info.plist;
				LD_RUNPATH_SEARCH_PATHS = "$(inherited) @executable_path/Frameworks";
				PRODUCT_BUNDLE_IDENTIFIER = com.erikoichinohe.sampleSwipeGesture;
				PRODUCT_NAME = "$(TARGET_NAME)";
				SWIFT_VERSION = 3.0;
			};
			name = Debug;
		};
		1BBA14A81C607589002AC1F7 /* Release */ = {
			isa = XCBuildConfiguration;
			buildSettings = {
				ASSETCATALOG_COMPILER_APPICON_NAME = AppIcon;
				INFOPLIST_FILE = sampleSwipeGesture/Info.plist;
				LD_RUNPATH_SEARCH_PATHS = "$(inherited) @executable_path/Frameworks";
				PRODUCT_BUNDLE_IDENTIFIER = com.erikoichinohe.sampleSwipeGesture;
				PRODUCT_NAME = "$(TARGET_NAME)";
				SWIFT_VERSION = 3.0;
			};
			name = Release;
		};
		1BBA14AA1C607589002AC1F7 /* Debug */ = {
			isa = XCBuildConfiguration;
			buildSettings = {
				BUNDLE_LOADER = "$(TEST_HOST)";
				INFOPLIST_FILE = sampleSwipeGestureTests/Info.plist;
				LD_RUNPATH_SEARCH_PATHS = "$(inherited) @executable_path/Frameworks @loader_path/Frameworks";
				PRODUCT_BUNDLE_IDENTIFIER = com.erikoichinohe.sampleSwipeGestureTests;
				PRODUCT_NAME = "$(TARGET_NAME)";
				SWIFT_VERSION = 3.0;
				TEST_HOST = "$(BUILT_PRODUCTS_DIR)/sampleSwipeGesture.app/sampleSwipeGesture";
			};
			name = Debug;
		};
		1BBA14AB1C607589002AC1F7 /* Release */ = {
			isa = XCBuildConfiguration;
			buildSettings = {
				BUNDLE_LOADER = "$(TEST_HOST)";
				INFOPLIST_FILE = sampleSwipeGestureTests/Info.plist;
				LD_RUNPATH_SEARCH_PATHS = "$(inherited) @executable_path/Frameworks @loader_path/Frameworks";
				PRODUCT_BUNDLE_IDENTIFIER = com.erikoichinohe.sampleSwipeGestureTests;
				PRODUCT_NAME = "$(TARGET_NAME)";
				SWIFT_VERSION = 3.0;
				TEST_HOST = "$(BUILT_PRODUCTS_DIR)/sampleSwipeGesture.app/sampleSwipeGesture";
			};
			name = Release;
		};
		1BBA14AD1C607589002AC1F7 /* Debug */ = {
			isa = XCBuildConfiguration;
			buildSettings = {
				INFOPLIST_FILE = sampleSwipeGestureUITests/Info.plist;
				LD_RUNPATH_SEARCH_PATHS = "$(inherited) @executable_path/Frameworks @loader_path/Frameworks";
				PRODUCT_BUNDLE_IDENTIFIER = com.erikoichinohe.sampleSwipeGestureUITests;
				PRODUCT_NAME = "$(TARGET_NAME)";
				SWIFT_VERSION = 3.0;
				TEST_TARGET_NAME = sampleSwipeGesture;
				USES_XCTRUNNER = YES;
			};
			name = Debug;
		};
		1BBA14AE1C607589002AC1F7 /* Release */ = {
			isa = XCBuildConfiguration;
			buildSettings = {
				INFOPLIST_FILE = sampleSwipeGestureUITests/Info.plist;
				LD_RUNPATH_SEARCH_PATHS = "$(inherited) @executable_path/Frameworks @loader_path/Frameworks";
				PRODUCT_BUNDLE_IDENTIFIER = com.erikoichinohe.sampleSwipeGestureUITests;
				PRODUCT_NAME = "$(TARGET_NAME)";
				SWIFT_VERSION = 3.0;
				TEST_TARGET_NAME = sampleSwipeGesture;
				USES_XCTRUNNER = YES;
			};
			name = Release;
		};
/* End XCBuildConfiguration section */

/* Begin XCConfigurationList section */
		1BBA14791C607589002AC1F7 /* Build configuration list for PBXProject "sampleSwipeGesture" */ = {
			isa = XCConfigurationList;
			buildConfigurations = (
				1BBA14A41C607589002AC1F7 /* Debug */,
				1BBA14A51C607589002AC1F7 /* Release */,
			);
			defaultConfigurationIsVisible = 0;
			defaultConfigurationName = Release;
		};
		1BBA14A61C607589002AC1F7 /* Build configuration list for PBXNativeTarget "sampleSwipeGesture" */ = {
			isa = XCConfigurationList;
			buildConfigurations = (
				1BBA14A71C607589002AC1F7 /* Debug */,
				1BBA14A81C607589002AC1F7 /* Release */,
			);
			defaultConfigurationIsVisible = 0;
			defaultConfigurationName = Release;
		};
		1BBA14A91C607589002AC1F7 /* Build configuration list for PBXNativeTarget "sampleSwipeGestureTests" */ = {
			isa = XCConfigurationList;
			buildConfigurations = (
				1BBA14AA1C607589002AC1F7 /* Debug */,
				1BBA14AB1C607589002AC1F7 /* Release */,
			);
			defaultConfigurationIsVisible = 0;
			defaultConfigurationName = Release;
		};
		1BBA14AC1C607589002AC1F7 /* Build configuration list for PBXNativeTarget "sampleSwipeGestureUITests" */ = {
			isa = XCConfigurationList;
			buildConfigurations = (
				1BBA14AD1C607589002AC1F7 /* Debug */,
				1BBA14AE1C607589002AC1F7 /* Release */,
			);
			defaultConfigurationIsVisible = 0;
			defaultConfigurationName = Release;
		};
/* End XCConfigurationList section */
	};
	rootObject = 1BBA14761C607589002AC1F7 /* Project object */;
}
